
Microsoft Visual Studio Solution File, Format Version 12.00
# Visual Studio Version 16
VisualStudioVersion = 16.0.31702.278
MinimumVisualStudioVersion = 10.0.40219.1
Project("{FAE04EC0-301F-11D3-BF4B-00C04F79EFBC}") = "InventarioAPI", "InventarioAPI\InventarioAPI.csproj", "{958A87BC-3C8B-4FDB-A180-8D9B211A54FF}"
EndProject
Global
	GlobalSection(SolutionConfigurationPlatforms) = preSolution
		Debug|Any CPU = Debug|Any CPU
		Release|Any CPU = Release|Any CPU
	EndGlobalSection
	GlobalSection(ProjectConfigurationPlatforms) = postSolution
		{958A87BC-3C8B-4FDB-A180-8D9B211A54FF}.Debug|Any CPU.ActiveCfg = Debug|Any CPU
		{958A87BC-3C8B-4FDB-A180-8D9B211A54FF}.Debug|Any CPU.Build.0 = Debug|Any CPU
		{958A87BC-3C8B-4FDB-A180-8D9B211A54FF}.Release|Any CPU.ActiveCfg = Release|Any CPU
		{958A87BC-3C8B-4FDB-A180-8D9B211A54FF}.Release|Any CPU.Build.0 = Release|Any CPU
	EndGlobalSection
	GlobalSection(SolutionProperties) = preSolution
		HideSolutionNode = FALSE
	EndGlobalSection
	GlobalSection(ExtensibilityGlobals) = postSolution
		SolutionGuid = {4B3D3165-C2A2-44CC-A8E5-E37C86199B8A}
	EndGlobalSection
EndGlobal
